
Microsoft Visual Studio Solution File, Format Version 12.00
# Visual Studio Version 17
VisualStudioVersion = 17.14.36414.22 d17.14
MinimumVisualStudioVersion = 10.0.40219.1
Project("{FAE04EC0-301F-11D3-BF4B-00C04F79EFBC}") = "ÖvningVecka2", "ÖvningVecka2.csproj", "{B6AD617A-959D-4A50-859E-BAAFADD89D39}"
EndProject
Global
	GlobalSection(SolutionConfigurationPlatforms) = preSolution
		Debug|Any CPU = Debug|Any CPU
		Release|Any CPU = Release|Any CPU
	EndGlobalSection
	GlobalSection(ProjectConfigurationPlatforms) = postSolution
		{B6AD617A-959D-4A50-859E-BAAFADD89D39}.Debug|Any CPU.ActiveCfg = Debug|Any CPU
		{B6AD617A-959D-4A50-859E-BAAFADD89D39}.Debug|Any CPU.Build.0 = Debug|Any CPU
		{B6AD617A-959D-4A50-859E-BAAFADD89D39}.Release|Any CPU.ActiveCfg = Release|Any CPU
		{B6AD617A-959D-4A50-859E-BAAFADD89D39}.Release|Any CPU.Build.0 = Release|Any CPU
	EndGlobalSection
	GlobalSection(SolutionProperties) = preSolution
		HideSolutionNode = FALSE
	EndGlobalSection
	GlobalSection(ExtensibilityGlobals) = postSolution
		SolutionGuid = {A123B2B5-A076-43CE-8170-94705842B314}
	EndGlobalSection
EndGlobal
